
Microsoft Visual Studio Solution File, Format Version 12.00
# Visual Studio 14
VisualStudioVersion = 14.0.25420.1
MinimumVisualStudioVersion = 10.0.40219.1
Project("{FAE04EC0-301F-11D3-BF4B-00C04F79EFBC}") = "VstsLabAccessor2015", "..\..\Projects\VstsLabAccessor2015\VstsLabAccessor2015.csproj", "{E1A29DDF-320C-462A-B784-B170E31AFF29}"
EndProject
Project("{2150E333-8FDC-42A3-9474-1A3956D46DE8}") = "Source", "Source", "{0BF19465-D96F-4F29-9F07-75D3F414F9A3}"
EndProject
Project("{2150E333-8FDC-42A3-9474-1A3956D46DE8}") = "Solution Items", "Solution Items", "{D722C69D-CCFD-43F1-9C53-61C41C6B8B60}"
	ProjectSection(SolutionItems) = preProject
		NuGet.config = NuGet.config
		.nuget\NuGet.Config = .nuget\NuGet.Config
	EndProjectSection
EndProject
Project("{2150E333-8FDC-42A3-9474-1A3956D46DE8}") = "Tests", "Tests", "{B7C83375-442B-42B4-B83B-C891E7991646}"
EndProject
Project("{FAE04EC0-301F-11D3-BF4B-00C04F79EFBC}") = "VstsLabAccessor2015.Tests", "..\..\Projects\VstsLabAccessor2015.Tests\VstsLabAccessor2015.Tests.csproj", "{8D2CF302-9BBE-496F-93AC-6381EF6BBE0A}"
EndProject
Global
	GlobalSection(SolutionConfigurationPlatforms) = preSolution
		Debug|Any CPU = Debug|Any CPU
		Release|Any CPU = Release|Any CPU
	EndGlobalSection
	GlobalSection(ProjectConfigurationPlatforms) = postSolution
		{E1A29DDF-320C-462A-B784-B170E31AFF29}.Debug|Any CPU.ActiveCfg = Debug|Any CPU
		{E1A29DDF-320C-462A-B784-B170E31AFF29}.Debug|Any CPU.Build.0 = Debug|Any CPU
		{E1A29DDF-320C-462A-B784-B170E31AFF29}.Release|Any CPU.ActiveCfg = Release|Any CPU
		{E1A29DDF-320C-462A-B784-B170E31AFF29}.Release|Any CPU.Build.0 = Release|Any CPU
		{8D2CF302-9BBE-496F-93AC-6381EF6BBE0A}.Debug|Any CPU.ActiveCfg = Debug|Any CPU
		{8D2CF302-9BBE-496F-93AC-6381EF6BBE0A}.Debug|Any CPU.Build.0 = Debug|Any CPU
		{8D2CF302-9BBE-496F-93AC-6381EF6BBE0A}.Release|Any CPU.ActiveCfg = Release|Any CPU
		{8D2CF302-9BBE-496F-93AC-6381EF6BBE0A}.Release|Any CPU.Build.0 = Release|Any CPU
	EndGlobalSection
	GlobalSection(SolutionProperties) = preSolution
		HideSolutionNode = FALSE
	EndGlobalSection
	GlobalSection(NestedProjects) = preSolution
		{E1A29DDF-320C-462A-B784-B170E31AFF29} = {0BF19465-D96F-4F29-9F07-75D3F414F9A3}
		{8D2CF302-9BBE-496F-93AC-6381EF6BBE0A} = {B7C83375-442B-42B4-B83B-C891E7991646}
	EndGlobalSection
EndGlobal
